
Microsoft Visual Studio Solution File, Format Version 12.00
# Visual Studio Version 17
VisualStudioVersion = 17.6.33801.468
MinimumVisualStudioVersion = 10.0.40219.1
Project("{FAE04EC0-301F-11D3-BF4B-00C04F79EFBC}") = "APITest", "APITest\APITest.csproj", "{1811712E-3C9E-4656-B41B-11256D755340}"
EndProject
Global
	GlobalSection(SolutionConfigurationPlatforms) = preSolution
		Debug|Any CPU = Debug|Any CPU
		Release|Any CPU = Release|Any CPU
	EndGlobalSection
	GlobalSection(ProjectConfigurationPlatforms) = postSolution
		{1811712E-3C9E-4656-B41B-11256D755340}.Debug|Any CPU.ActiveCfg = Debug|Any CPU
		{1811712E-3C9E-4656-B41B-11256D755340}.Debug|Any CPU.Build.0 = Debug|Any CPU
		{1811712E-3C9E-4656-B41B-11256D755340}.Release|Any CPU.ActiveCfg = Release|Any CPU
		{1811712E-3C9E-4656-B41B-11256D755340}.Release|Any CPU.Build.0 = Release|Any CPU
	EndGlobalSection
	GlobalSection(SolutionProperties) = preSolution
		HideSolutionNode = FALSE
	EndGlobalSection
	GlobalSection(ExtensibilityGlobals) = postSolution
		SolutionGuid = {587E604E-0E97-49A1-911B-84C402784287}
	EndGlobalSection
EndGlobal
