
Microsoft Visual Studio Solution File, Format Version 12.00
# Visual Studio Version 17
VisualStudioVersion = 17.7.34031.279
MinimumVisualStudioVersion = 10.0.40219.1
Project("{FAE04EC0-301F-11D3-BF4B-00C04F79EFBC}") = "JWTWebsite", "..\JWTWebsite\JWTWebsite.csproj", "{63D39945-AE5D-4008-8738-1BF2B1387FF9}"
EndProject
Project("{FAE04EC0-301F-11D3-BF4B-00C04F79EFBC}") = "BankAPI", "..\BankAPI\BankAPI.csproj", "{F56F940F-94C0-4B2C-969C-98D8239141C8}"
EndProject
Project("{FAE04EC0-301F-11D3-BF4B-00C04F79EFBC}") = "AuthorizationAPI", "..\AuthorizationAPI\AuthorizationAPI.csproj", "{987804D1-8C9A-4100-84CA-B49321066EBC}"
EndProject
Global
	GlobalSection(SolutionConfigurationPlatforms) = preSolution
		Debug|Any CPU = Debug|Any CPU
		Release|Any CPU = Release|Any CPU
	EndGlobalSection
	GlobalSection(ProjectConfigurationPlatforms) = postSolution
		{63D39945-AE5D-4008-8738-1BF2B1387FF9}.Debug|Any CPU.ActiveCfg = Debug|Any CPU
		{63D39945-AE5D-4008-8738-1BF2B1387FF9}.Debug|Any CPU.Build.0 = Debug|Any CPU
		{63D39945-AE5D-4008-8738-1BF2B1387FF9}.Release|Any CPU.ActiveCfg = Release|Any CPU
		{63D39945-AE5D-4008-8738-1BF2B1387FF9}.Release|Any CPU.Build.0 = Release|Any CPU
		{F56F940F-94C0-4B2C-969C-98D8239141C8}.Debug|Any CPU.ActiveCfg = Debug|Any CPU
		{F56F940F-94C0-4B2C-969C-98D8239141C8}.Debug|Any CPU.Build.0 = Debug|Any CPU
		{F56F940F-94C0-4B2C-969C-98D8239141C8}.Release|Any CPU.ActiveCfg = Release|Any CPU
		{F56F940F-94C0-4B2C-969C-98D8239141C8}.Release|Any CPU.Build.0 = Release|Any CPU
		{987804D1-8C9A-4100-84CA-B49321066EBC}.Debug|Any CPU.ActiveCfg = Debug|Any CPU
		{987804D1-8C9A-4100-84CA-B49321066EBC}.Debug|Any CPU.Build.0 = Debug|Any CPU
		{987804D1-8C9A-4100-84CA-B49321066EBC}.Release|Any CPU.ActiveCfg = Release|Any CPU
		{987804D1-8C9A-4100-84CA-B49321066EBC}.Release|Any CPU.Build.0 = Release|Any CPU
	EndGlobalSection
	GlobalSection(SolutionProperties) = preSolution
		HideSolutionNode = FALSE
	EndGlobalSection
	GlobalSection(ExtensibilityGlobals) = postSolution
		SolutionGuid = {1918E0FE-380B-4080-8D1A-08A15808E394}
	EndGlobalSection
EndGlobal
