
Microsoft Visual Studio Solution File, Format Version 12.00
# Visual Studio Version 17
VisualStudioVersion = 17.7.34031.279
MinimumVisualStudioVersion = 10.0.40219.1
Project("{FAE04EC0-301F-11D3-BF4B-00C04F79EFBC}") = "Cryptography", "Cryptography.csproj", "{A004774C-818C-46E7-9512-B79407642113}"
EndProject
Global
	GlobalSection(SolutionConfigurationPlatforms) = preSolution
		Debug|Any CPU = Debug|Any CPU
		Release|Any CPU = Release|Any CPU
	EndGlobalSection
	GlobalSection(ProjectConfigurationPlatforms) = postSolution
		{A004774C-818C-46E7-9512-B79407642113}.Debug|Any CPU.ActiveCfg = Debug|Any CPU
		{A004774C-818C-46E7-9512-B79407642113}.Debug|Any CPU.Build.0 = Debug|Any CPU
		{A004774C-818C-46E7-9512-B79407642113}.Release|Any CPU.ActiveCfg = Release|Any CPU
		{A004774C-818C-46E7-9512-B79407642113}.Release|Any CPU.Build.0 = Release|Any CPU
	EndGlobalSection
	GlobalSection(SolutionProperties) = preSolution
		HideSolutionNode = FALSE
	EndGlobalSection
	GlobalSection(ExtensibilityGlobals) = postSolution
		SolutionGuid = {A7E911CA-AFF9-4C7D-8D23-1255F9AA941F}
	EndGlobalSection
EndGlobal
