
Microsoft Visual Studio Solution File, Format Version 12.00
# Visual Studio Version 17
VisualStudioVersion = 17.6.33801.468
MinimumVisualStudioVersion = 10.0.40219.1
Project("{FAE04EC0-301F-11D3-BF4B-00C04F79EFBC}") = "WebApp", "WebApp\WebApp.csproj", "{F7EF46B6-0009-4E55-A31B-684B4CC6FA4C}"
EndProject
Global
	GlobalSection(SolutionConfigurationPlatforms) = preSolution
		Debug|Any CPU = Debug|Any CPU
		Release|Any CPU = Release|Any CPU
	EndGlobalSection
	GlobalSection(ProjectConfigurationPlatforms) = postSolution
		{F7EF46B6-0009-4E55-A31B-684B4CC6FA4C}.Debug|Any CPU.ActiveCfg = Debug|Any CPU
		{F7EF46B6-0009-4E55-A31B-684B4CC6FA4C}.Debug|Any CPU.Build.0 = Debug|Any CPU
		{F7EF46B6-0009-4E55-A31B-684B4CC6FA4C}.Release|Any CPU.ActiveCfg = Release|Any CPU
		{F7EF46B6-0009-4E55-A31B-684B4CC6FA4C}.Release|Any CPU.Build.0 = Release|Any CPU
	EndGlobalSection
	GlobalSection(SolutionProperties) = preSolution
		HideSolutionNode = FALSE
	EndGlobalSection
	GlobalSection(ExtensibilityGlobals) = postSolution
		SolutionGuid = {FA182EDB-2BCC-43C0-9A21-F0B26BE2D4F0}
	EndGlobalSection
EndGlobal
