
Microsoft Visual Studio Solution File, Format Version 12.00
# Visual Studio Version 17
VisualStudioVersion = 17.6.33801.468
MinimumVisualStudioVersion = 10.0.40219.1
Project("{FAE04EC0-301F-11D3-BF4B-00C04F79EFBC}") = "ZTAR", "ZTAR\ZTAR.csproj", "{5A5EAA1D-155F-4B2F-85D5-D58E16B54F4B}"
EndProject
Global
	GlobalSection(SolutionConfigurationPlatforms) = preSolution
		Debug|Any CPU = Debug|Any CPU
		Release|Any CPU = Release|Any CPU
	EndGlobalSection
	GlobalSection(ProjectConfigurationPlatforms) = postSolution
		{5A5EAA1D-155F-4B2F-85D5-D58E16B54F4B}.Debug|Any CPU.ActiveCfg = Debug|Any CPU
		{5A5EAA1D-155F-4B2F-85D5-D58E16B54F4B}.Debug|Any CPU.Build.0 = Debug|Any CPU
		{5A5EAA1D-155F-4B2F-85D5-D58E16B54F4B}.Release|Any CPU.ActiveCfg = Release|Any CPU
		{5A5EAA1D-155F-4B2F-85D5-D58E16B54F4B}.Release|Any CPU.Build.0 = Release|Any CPU
	EndGlobalSection
	GlobalSection(SolutionProperties) = preSolution
		HideSolutionNode = FALSE
	EndGlobalSection
	GlobalSection(ExtensibilityGlobals) = postSolution
		SolutionGuid = {ADCF4332-740A-455B-A383-47FE49E6A9D6}
	EndGlobalSection
EndGlobal
