
Microsoft Visual Studio Solution File, Format Version 12.00
# Visual Studio Version 17
VisualStudioVersion = 17.6.33801.468
MinimumVisualStudioVersion = 10.0.40219.1
Project("{FAE04EC0-301F-11D3-BF4B-00C04F79EFBC}") = "ZTAR", "ZTAR\ZTAR.csproj", "{640F85B2-D5AC-47BA-8372-9177FDBD9C64}"
EndProject
Global
	GlobalSection(SolutionConfigurationPlatforms) = preSolution
		Debug|Any CPU = Debug|Any CPU
		Release|Any CPU = Release|Any CPU
	EndGlobalSection
	GlobalSection(ProjectConfigurationPlatforms) = postSolution
		{640F85B2-D5AC-47BA-8372-9177FDBD9C64}.Debug|Any CPU.ActiveCfg = Debug|Any CPU
		{640F85B2-D5AC-47BA-8372-9177FDBD9C64}.Debug|Any CPU.Build.0 = Debug|Any CPU
		{640F85B2-D5AC-47BA-8372-9177FDBD9C64}.Release|Any CPU.ActiveCfg = Release|Any CPU
		{640F85B2-D5AC-47BA-8372-9177FDBD9C64}.Release|Any CPU.Build.0 = Release|Any CPU
	EndGlobalSection
	GlobalSection(SolutionProperties) = preSolution
		HideSolutionNode = FALSE
	EndGlobalSection
	GlobalSection(ExtensibilityGlobals) = postSolution
		SolutionGuid = {0EAB769E-0F24-4C59-BE3C-2F3F1749E64A}
	EndGlobalSection
EndGlobal
